// !$*UTF8*$!
{
	archiveVersion = 1;
	classes = {
	};
	objectVersion = 46;
	objects = {

/* Begin PBXBuildFile section */
		9A93FE6E1F0E3C4500676F79 /* AppDelegate.swift in Sources */ = {isa = PBXBuildFile; fileRef = 9A93FE6D1F0E3C4500676F79 /* AppDelegate.swift */; };
		9A93FE701F0E3C4500676F79 /* GameScene.sks in Resources */ = {isa = PBXBuildFile; fileRef = 9A93FE6F1F0E3C4500676F79 /* GameScene.sks */; };
		9A93FE721F0E3C4500676F79 /* Actions.sks in Resources */ = {isa = PBXBuildFile; fileRef = 9A93FE711F0E3C4500676F79 /* Actions.sks */; };
		9A93FE741F0E3C4500676F79 /* GameScene.swift in Sources */ = {isa = PBXBuildFile; fileRef = 9A93FE731F0E3C4500676F79 /* GameScene.swift */; };
		9A93FE761F0E3C4500676F79 /* GameViewController.swift in Sources */ = {isa = PBXBuildFile; fileRef = 9A93FE751F0E3C4500676F79 /* GameViewController.swift */; };
		9A93FE791F0E3C4500676F79 /* Main.storyboard in Resources */ = {isa = PBXBuildFile; fileRef = 9A93FE771F0E3C4500676F79 /* Main.storyboard */; };
		9A93FE7B1F0E3C4500676F79 /* Assets.xcassets in Resources */ = {isa = PBXBuildFile; fileRef = 9A93FE7A1F0E3C4500676F79 /* Assets.xcassets */; };
		9A93FE7E1F0E3C4500676F79 /* LaunchScreen.storyboard in Resources */ = {isa = PBXBuildFile; fileRef = 9A93FE7C1F0E3C4500676F79 /* LaunchScreen.storyboard */; };
		9A93FE8C1F0E3E0300676F79 /* EndlessBackgroundNode.swift in Sources */ = {isa = PBXBuildFile; fileRef = 9A93FE851F0E3E0200676F79 /* EndlessBackgroundNode.swift */; };
		9A93FE8D1F0E3E0300676F79 /* EndlessParallaxBackgroundCamera.swift in Sources */ = {isa = PBXBuildFile; fileRef = 9A93FE861F0E3E0200676F79 /* EndlessParallaxBackgroundCamera.swift */; };
		9A93FE8E1F0E3E0300676F79 /* ParallaxBackgroundMover.swift in Sources */ = {isa = PBXBuildFile; fileRef = 9A93FE871F0E3E0200676F79 /* ParallaxBackgroundMover.swift */; };
		9A93FE951F0E45EB00676F79 /* Player.swift in Sources */ = {isa = PBXBuildFile; fileRef = 9A93FE941F0E45EB00676F79 /* Player.swift */; };
		9A93FE971F0E460900676F79 /* PhysicsCategory.swift in Sources */ = {isa = PBXBuildFile; fileRef = 9A93FE961F0E460900676F79 /* PhysicsCategory.swift */; };
/* End PBXBuildFile section */

/* Begin PBXFileReference section */
		9A93FE6A1F0E3C4500676F79 /* ParallaxTest.app */ = {isa = PBXFileReference; explicitFileType = wrapper.application; includeInIndex = 0; path = ParallaxTest.app; sourceTree = BUILT_PRODUCTS_DIR; };
		9A93FE6D1F0E3C4500676F79 /* AppDelegate.swift */ = {isa = PBXFileReference; lastKnownFileType = sourcecode.swift; path = AppDelegate.swift; sourceTree = "<group>"; };
		9A93FE6F1F0E3C4500676F79 /* GameScene.sks */ = {isa = PBXFileReference; lastKnownFileType = file.sks; path = GameScene.sks; sourceTree = "<group>"; };
		9A93FE711F0E3C4500676F79 /* Actions.sks */ = {isa = PBXFileReference; lastKnownFileType = file.sks; path = Actions.sks; sourceTree = "<group>"; };
		9A93FE731F0E3C4500676F79 /* GameScene.swift */ = {isa = PBXFileReference; lastKnownFileType = sourcecode.swift; path = GameScene.swift; sourceTree = "<group>"; };
		9A93FE751F0E3C4500676F79 /* GameViewController.swift */ = {isa = PBXFileReference; lastKnownFileType = sourcecode.swift; path = GameViewController.swift; sourceTree = "<group>"; };
		9A93FE781F0E3C4500676F79 /* Base */ = {isa = PBXFileReference; lastKnownFileType = file.storyboard; name = Base; path = Base.lproj/Main.storyboard; sourceTree = "<group>"; };
		9A93FE7A1F0E3C4500676F79 /* Assets.xcassets */ = {isa = PBXFileReference; lastKnownFileType = folder.assetcatalog; path = Assets.xcassets; sourceTree = "<group>"; };
		9A93FE7D1F0E3C4500676F79 /* Base */ = {isa = PBXFileReference; lastKnownFileType = file.storyboard; name = Base; path = Base.lproj/LaunchScreen.storyboard; sourceTree = "<group>"; };
		9A93FE7F1F0E3C4500676F79 /* Info.plist */ = {isa = PBXFileReference; lastKnownFileType = text.plist.xml; path = Info.plist; sourceTree = "<group>"; };
		9A93FE851F0E3E0200676F79 /* EndlessBackgroundNode.swift */ = {isa = PBXFileReference; fileEncoding = 4; lastKnownFileType = sourcecode.swift; path = EndlessBackgroundNode.swift; sourceTree = "<group>"; };
		9A93FE861F0E3E0200676F79 /* EndlessParallaxBackgroundCamera.swift */ = {isa = PBXFileReference; fileEncoding = 4; lastKnownFileType = sourcecode.swift; path = EndlessParallaxBackgroundCamera.swift; sourceTree = "<group>"; };
		9A93FE871F0E3E0200676F79 /* ParallaxBackgroundMover.swift */ = {isa = PBXFileReference; fileEncoding = 4; lastKnownFileType = sourcecode.swift; path = ParallaxBackgroundMover.swift; sourceTree = "<group>"; };
		9A93FE941F0E45EB00676F79 /* Player.swift */ = {isa = PBXFileReference; fileEncoding = 4; lastKnownFileType = sourcecode.swift; path = Player.swift; sourceTree = "<group>"; };
		9A93FE961F0E460900676F79 /* PhysicsCategory.swift */ = {isa = PBXFileReference; fileEncoding = 4; lastKnownFileType = sourcecode.swift; path = PhysicsCategory.swift; sourceTree = "<group>"; };
/* End PBXFileReference section */

/* Begin PBXFrameworksBuildPhase section */
		9A93FE671F0E3C4500676F79 /* Frameworks */ = {
			isa = PBXFrameworksBuildPhase;
			buildActionMask = 2147483647;
			files = (
			);
			runOnlyForDeploymentPostprocessing = 0;
		};
/* End PBXFrameworksBuildPhase section */

/* Begin PBXGroup section */
		9A93FE611F0E3C4500676F79 = {
			isa = PBXGroup;
			children = (
				9A93FE931F0E3E1100676F79 /* Parallax Classes */,
				9A93FE6C1F0E3C4500676F79 /* ParallaxTest */,
				9A93FE6B1F0E3C4500676F79 /* Products */,
			);
			sourceTree = "<group>";
		};
		9A93FE6B1F0E3C4500676F79 /* Products */ = {
			isa = PBXGroup;
			children = (
				9A93FE6A1F0E3C4500676F79 /* ParallaxTest.app */,
			);
			name = Products;
			sourceTree = "<group>";
		};
		9A93FE6C1F0E3C4500676F79 /* ParallaxTest */ = {
			isa = PBXGroup;
			children = (
				9A93FE961F0E460900676F79 /* PhysicsCategory.swift */,
				9A93FE6D1F0E3C4500676F79 /* AppDelegate.swift */,
				9A93FE6F1F0E3C4500676F79 /* GameScene.sks */,
				9A93FE711F0E3C4500676F79 /* Actions.sks */,
				9A93FE731F0E3C4500676F79 /* GameScene.swift */,
				9A93FE751F0E3C4500676F79 /* GameViewController.swift */,
				9A93FE941F0E45EB00676F79 /* Player.swift */,
				9A93FE771F0E3C4500676F79 /* Main.storyboard */,
				9A93FE7A1F0E3C4500676F79 /* Assets.xcassets */,
				9A93FE7C1F0E3C4500676F79 /* LaunchScreen.storyboard */,
				9A93FE7F1F0E3C4500676F79 /* Info.plist */,
			);
			path = ParallaxTest;
			sourceTree = "<group>";
		};
		9A93FE931F0E3E1100676F79 /* Parallax Classes */ = {
			isa = PBXGroup;
			children = (
				9A93FE851F0E3E0200676F79 /* EndlessBackgroundNode.swift */,
				9A93FE861F0E3E0200676F79 /* EndlessParallaxBackgroundCamera.swift */,
				9A93FE871F0E3E0200676F79 /* ParallaxBackgroundMover.swift */,
			);
			name = "Parallax Classes";
			sourceTree = "<group>";
		};
/* End PBXGroup section */

/* Begin PBXNativeTarget section */
		9A93FE691F0E3C4500676F79 /* ParallaxTest */ = {
			isa = PBXNativeTarget;
			buildConfigurationList = 9A93FE821F0E3C4500676F79 /* Build configuration list for PBXNativeTarget "ParallaxTest" */;
			buildPhases = (
				9A93FE661F0E3C4500676F79 /* Sources */,
				9A93FE671F0E3C4500676F79 /* Frameworks */,
				9A93FE681F0E3C4500676F79 /* Resources */,
			);
			buildRules = (
			);
			dependencies = (
			);
			name = ParallaxTest;
			productName = ParallaxTest;
			productReference = 9A93FE6A1F0E3C4500676F79 /* ParallaxTest.app */;
			productType = "com.apple.product-type.application";
		};
/* End PBXNativeTarget section */

/* Begin PBXProject section */
		9A93FE621F0E3C4500676F79 /* Project object */ = {
			isa = PBXProject;
			attributes = {
				LastSwiftUpdateCheck = 0830;
				LastUpgradeCheck = 0830;
				ORGANIZATIONNAME = "Alexey Kostyurin";
				TargetAttributes = {
					9A93FE691F0E3C4500676F79 = {
						CreatedOnToolsVersion = 8.3.3;
						DevelopmentTeam = J9LX8NH3R2;
						ProvisioningStyle = Automatic;
					};
				};
			};
			buildConfigurationList = 9A93FE651F0E3C4500676F79 /* Build configuration list for PBXProject "ParallaxTest" */;
			compatibilityVersion = "Xcode 3.2";
			developmentRegion = English;
			hasScannedForEncodings = 0;
			knownRegions = (
				en,
				Base,
			);
			mainGroup = 9A93FE611F0E3C4500676F79;
			productRefGroup = 9A93FE6B1F0E3C4500676F79 /* Products */;
			projectDirPath = "";
			projectRoot = "";
			targets = (
				9A93FE691F0E3C4500676F79 /* ParallaxTest */,
			);
		};
/* End PBXProject section */

/* Begin PBXResourcesBuildPhase section */
		9A93FE681F0E3C4500676F79 /* Resources */ = {
			isa = PBXResourcesBuildPhase;
			buildActionMask = 2147483647;
			files = (
				9A93FE791F0E3C4500676F79 /* Main.storyboard in Resources */,
				9A93FE701F0E3C4500676F79 /* GameScene.sks in Resources */,
				9A93FE7B1F0E3C4500676F79 /* Assets.xcassets in Resources */,
				9A93FE7E1F0E3C4500676F79 /* LaunchScreen.storyboard in Resources */,
				9A93FE721F0E3C4500676F79 /* Actions.sks in Resources */,
			);
			runOnlyForDeploymentPostprocessing = 0;
		};
/* End PBXResourcesBuildPhase section */

/* Begin PBXSourcesBuildPhase section */
		9A93FE661F0E3C4500676F79 /* Sources */ = {
			isa = PBXSourcesBuildPhase;
			buildActionMask = 2147483647;
			files = (
				9A93FE741F0E3C4500676F79 /* GameScene.swift in Sources */,
				9A93FE971F0E460900676F79 /* PhysicsCategory.swift in Sources */,
				9A93FE761F0E3C4500676F79 /* GameViewController.swift in Sources */,
				9A93FE8C1F0E3E0300676F79 /* EndlessBackgroundNode.swift in Sources */,
				9A93FE8D1F0E3E0300676F79 /* EndlessParallaxBackgroundCamera.swift in Sources */,
				9A93FE951F0E45EB00676F79 /* Player.swift in Sources */,
				9A93FE8E1F0E3E0300676F79 /* ParallaxBackgroundMover.swift in Sources */,
				9A93FE6E1F0E3C4500676F79 /* AppDelegate.swift in Sources */,
			);
			runOnlyForDeploymentPostprocessing = 0;
		};
/* End PBXSourcesBuildPhase section */

/* Begin PBXVariantGroup section */
		9A93FE771F0E3C4500676F79 /* Main.storyboard */ = {
			isa = PBXVariantGroup;
			children = (
				9A93FE781F0E3C4500676F79 /* Base */,
			);
			name = Main.storyboard;
			sourceTree = "<group>";
		};
		9A93FE7C1F0E3C4500676F79 /* LaunchScreen.storyboard */ = {
			isa = PBXVariantGroup;
			children = (
				9A93FE7D1F0E3C4500676F79 /* Base */,
			);
			name = LaunchScreen.storyboard;
			sourceTree = "<group>";
		};
/* End PBXVariantGroup section */

/* Begin XCBuildConfiguration section */
		9A93FE801F0E3C4500676F79 /* Debug */ = {
			isa = XCBuildConfiguration;
			buildSettings = {
				ALWAYS_SEARCH_USER_PATHS = NO;
				CLANG_ANALYZER_NONNULL = YES;
				CLANG_ANALYZER_NUMBER_OBJECT_CONVERSION = YES_AGGRESSIVE;
				CLANG_CXX_LANGUAGE_STANDARD = "gnu++0x";
				CLANG_CXX_LIBRARY = "libc++";
				CLANG_ENABLE_MODULES = YES;
				CLANG_ENABLE_OBJC_ARC = YES;
				CLANG_WARN_BOOL_CONVERSION = YES;
				CLANG_WARN_CONSTANT_CONVERSION = YES;
				CLANG_WARN_DIRECT_OBJC_ISA_USAGE = YES_ERROR;
				CLANG_WARN_DOCUMENTATION_COMMENTS = YES;
				CLANG_WARN_EMPTY_BODY = YES;
				CLANG_WARN_ENUM_CONVERSION = YES;
				CLANG_WARN_INFINITE_RECURSION = YES;
				CLANG_WARN_INT_CONVERSION = YES;
				CLANG_WARN_OBJC_ROOT_CLASS = YES_ERROR;
				CLANG_WARN_SUSPICIOUS_MOVE = YES;
				CLANG_WARN_UNREACHABLE_CODE = YES;
				CLANG_WARN__DUPLICATE_METHOD_MATCH = YES;
				"CODE_SIGN_IDENTITY[sdk=iphoneos*]" = "iPhone Developer";
				COPY_PHASE_STRIP = NO;
				DEBUG_INFORMATION_FORMAT = dwarf;
				ENABLE_STRICT_OBJC_MSGSEND = YES;
				ENABLE_TESTABILITY = YES;
				GCC_C_LANGUAGE_STANDARD = gnu99;
				GCC_DYNAMIC_NO_PIC = NO;
				GCC_NO_COMMON_BLOCKS = YES;
				GCC_OPTIMIZATION_LEVEL = 0;
				GCC_PREPROCESSOR_DEFINITIONS = (
					"DEBUG=1",
					"$(inherited)",
				);
				GCC_WARN_64_TO_32_BIT_CONVERSION = YES;
				GCC_WARN_ABOUT_RETURN_TYPE = YES_ERROR;
				GCC_WARN_UNDECLARED_SELECTOR = YES;
				GCC_WARN_UNINITIALIZED_AUTOS = YES_AGGRESSIVE;
				GCC_WARN_UNUSED_FUNCTION = YES;
				GCC_WARN_UNUSED_VARIABLE = YES;
				IPHONEOS_DEPLOYMENT_TARGET = 10.3;
				MTL_ENABLE_DEBUG_INFO = YES;
				ONLY_ACTIVE_ARCH = YES;
				SDKROOT = iphoneos;
				SWIFT_ACTIVE_COMPILATION_CONDITIONS = DEBUG;
				SWIFT_OPTIMIZATION_LEVEL = "-Onone";
				TARGETED_DEVICE_FAMILY = 2;
			};
			name = Debug;
		};
		9A93FE811F0E3C4500676F79 /* Release */ = {
			isa = XCBuildConfiguration;
			buildSettings = {
				ALWAYS_SEARCH_USER_PATHS = NO;
				CLANG_ANALYZER_NONNULL = YES;
				CLANG_ANALYZER_NUMBER_OBJECT_CONVERSION = YES_AGGRESSIVE;
				CLANG_CXX_LANGUAGE_STANDARD = "gnu++0x";
				CLANG_CXX_LIBRARY = "libc++";
				CLANG_ENABLE_MODULES = YES;
				CLANG_ENABLE_OBJC_ARC = YES;
				CLANG_WARN_BOOL_CONVERSION = YES;
				CLANG_WARN_CONSTANT_CONVERSION = YES;
				CLANG_WARN_DIRECT_OBJC_ISA_USAGE = YES_ERROR;
				CLANG_WARN_DOCUMENTATION_COMMENTS = YES;
				CLANG_WARN_EMPTY_BODY = YES;
				CLANG_WARN_ENUM_CONVERSION = YES;
				CLANG_WARN_INFINITE_RECURSION = YES;
				CLANG_WARN_INT_CONVERSION = YES;
				CLANG_WARN_OBJC_ROOT_CLASS = YES_ERROR;
				CLANG_WARN_SUSPICIOUS_MOVE = YES;
				CLANG_WARN_UNREACHABLE_CODE = YES;
				CLANG_WARN__DUPLICATE_METHOD_MATCH = YES;
				"CODE_SIGN_IDENTITY[sdk=iphoneos*]" = "iPhone Developer";
				COPY_PHASE_STRIP = NO;
				DEBUG_INFORMATION_FORMAT = "dwarf-with-dsym";
				ENABLE_NS_ASSERTIONS = NO;
				ENABLE_STRICT_OBJC_MSGSEND = YES;
				GCC_C_LANGUAGE_STANDARD = gnu99;
				GCC_NO_COMMON_BLOCKS = YES;
				GCC_WARN_64_TO_32_BIT_CONVERSION = YES;
				GCC_WARN_ABOUT_RETURN_TYPE = YES_ERROR;
				GCC_WARN_UNDECLARED_SELECTOR = YES;
				GCC_WARN_UNINITIALIZED_AUTOS = YES_AGGRESSIVE;
				GCC_WARN_UNUSED_FUNCTION = YES;
				GCC_WARN_UNUSED_VARIABLE = YES;
				IPHONEOS_DEPLOYMENT_TARGET = 10.3;
				MTL_ENABLE_DEBUG_INFO = NO;
				SDKROOT = iphoneos;
				SWIFT_OPTIMIZATION_LEVEL = "-Owholemodule";
				TARGETED_DEVICE_FAMILY = 2;
				VALIDATE_PRODUCT = YES;
			};
			name = Release;
		};
		9A93FE831F0E3C4500676F79 /* Debug */ = {
			isa = XCBuildConfiguration;
			buildSettings = {
				ASSETCATALOG_COMPILER_APPICON_NAME = AppIcon;
				DEVELOPMENT_TEAM = J9LX8NH3R2;
				INFOPLIST_FILE = ParallaxTest/Info.plist;
				LD_RUNPATH_SEARCH_PATHS = "$(inherited) @executable_path/Frameworks";
				PRODUCT_BUNDLE_IDENTIFIER = com.gmail.akostyurin.ParallaxTest;
				PRODUCT_NAME = "$(TARGET_NAME)";
				SWIFT_VERSION = 3.0;
			};
			name = Debug;
		};
		9A93FE841F0E3C4500676F79 /* Release */ = {
			isa = XCBuildConfiguration;
			buildSettings = {
				ASSETCATALOG_COMPILER_APPICON_NAME = AppIcon;
				DEVELOPMENT_TEAM = J9LX8NH3R2;
				INFOPLIST_FILE = ParallaxTest/Info.plist;
				LD_RUNPATH_SEARCH_PATHS = "$(inherited) @executable_path/Frameworks";
				PRODUCT_BUNDLE_IDENTIFIER = com.gmail.akostyurin.ParallaxTest;
				PRODUCT_NAME = "$(TARGET_NAME)";
				SWIFT_VERSION = 3.0;
			};
			name = Release;
		};
/* End XCBuildConfiguration section */

/* Begin XCConfigurationList section */
		9A93FE651F0E3C4500676F79 /* Build configuration list for PBXProject "ParallaxTest" */ = {
			isa = XCConfigurationList;
			buildConfigurations = (
				9A93FE801F0E3C4500676F79 /* Debug */,
				9A93FE811F0E3C4500676F79 /* Release */,
			);
			defaultConfigurationIsVisible = 0;
			defaultConfigurationName = Release;
		};
		9A93FE821F0E3C4500676F79 /* Build configuration list for PBXNativeTarget "ParallaxTest" */ = {
			isa = XCConfigurationList;
			buildConfigurations = (
				9A93FE831F0E3C4500676F79 /* Debug */,
				9A93FE841F0E3C4500676F79 /* Release */,
			);
			defaultConfigurationIsVisible = 0;
		};
/* End XCConfigurationList section */
	};
	rootObject = 9A93FE621F0E3C4500676F79 /* Project object */;
}
